{
  "pins" : [
    {
      "identity" : "combineex",
      "kind" : "remoteSourceControl",
      "location" : "https://github.com/ilyathewhite/CombineEx.git",
      "state" : {
        "branch" : "main",
        "revision" : "84bb52cab4eea9910be59dad923b18f3b12c3171"
      }
    },
    {
      "identity" : "foundationex",
      "kind" : "remoteSourceControl",
      "location" : "https://github.com/ilyathewhite/FoundationEx.git",
      "state" : {
        "branch" : "main",
        "revision" : "cc3820ebd9def7da8a3816df9012c583c0ddb34e"
      }
    },
    {
      "identity" : "reducerarchitecture",
      "kind" : "remoteSourceControl",
      "location" : "https://github.com/ilyathewhite/ReducerArchitecture.git",
      "state" : {
        "branch" : "master",
        "revision" : "937971cb272d5982ec75961fe3d9a6488c3b95e4"
      }
    },
    {
      "identity" : "swift-tagged",
      "kind" : "remoteSourceControl",
      "location" : "https://github.com/pointfreeco/swift-tagged.git",
      "state" : {
        "revision" : "3907a9438f5b57d317001dc99f3f11b46882272b",
        "version" : "0.10.0"
      }
    },
    {
      "identity" : "swiftuiex",
      "kind" : "remoteSourceControl",
      "location" : "https://github.com/ilyathewhite/SwiftUIEx.git",
      "state" : {
        "branch" : "main",
        "revision" : "44ebf15b746c85b8906791201327f7cefbcd34cd"
      }
    }
  ],
  "version" : 2
}
